PODS:
  - Capacitor (6.2.0):
    - CapacitorCordova
  - CapacitorCommunitySafeArea (6.0.0-alpha.8):
    - Capacitor
  - CapacitorCordova (6.2.0)

DEPENDENCIES:
  - "Capacitor (from `../../node_modules/@capacitor/ios`)"
  - "CapacitorCommunitySafeArea (from `../../node_modules/@capacitor-community/safe-area`)"
  - "CapacitorCordova (from `../../node_modules/@capacitor/ios`)"

EXTERNAL SOURCES:
  Capacitor:
    :path: "../../node_modules/@capacitor/ios"
  CapacitorCommunitySafeArea:
    :path: "../../node_modules/@capacitor-community/safe-area"
  CapacitorCordova:
    :path: "../../node_modules/@capacitor/ios"

SPEC CHECKSUMS:
  Capacitor: 1f3c7b9802d958cd8c4eb63895fff85dff2e1eea
  CapacitorCommunitySafeArea: bf6bf8f4652ef69a80a53a1b7aaedd3da991ab9d
  CapacitorCordova: b33e7f4aa4ed105dd43283acdd940964374a87d9

PODFILE CHECKSUM: 9081c3037690c166d6e025925751e2014fed8b54

COCOAPODS: 1.16.2
